
Microsoft Visual Studio Solution File, Format Version 12.00
# Visual Studio Version 17
VisualStudioVersion = 17.11.35312.102
MinimumVisualStudioVersion = 10.0.40219.1
Project("{FAE04EC0-301F-11D3-BF4B-00C04F79EFBC}") = "Week3IfAndSwitch", "Week3IfAndSwitch\Week3IfAndSwitch.csproj", "{898F46FD-82F6-4CD4-8FC9-9BE4EC349E79}"
EndProject
Project("{FAE04EC0-301F-11D3-BF4B-00C04F79EFBC}") = "OddOrEven", "OddOrEven\OddOrEven.csproj", "{0D0C2E27-5739-4E84-A116-803D5CB9F4F8}"
EndProject
Project("{FAE04EC0-301F-11D3-BF4B-00C04F79EFBC}") = "IfDayOfTheWeek", "IfDayOfTheWeek\IfDayOfTheWeek.csproj", "{70622A07-DEFD-4EC9-8B55-DC088DB06C4A}"
EndProject
Project("{FAE04EC0-301F-11D3-BF4B-00C04F79EFBC}") = "SwitchDayOfTheWeek", "SwitchDayOfTheWeek\SwitchDayOfTheWeek.csproj", "{47812089-E500-4E96-909C-692CEDFC385C}"
EndProject
Global
	GlobalSection(SolutionConfigurationPlatforms) = preSolution
		Debug|Any CPU = Debug|Any CPU
		Release|Any CPU = Release|Any CPU
	EndGlobalSection
	GlobalSection(ProjectConfigurationPlatforms) = postSolution
		{898F46FD-82F6-4CD4-8FC9-9BE4EC349E79}.Debug|Any CPU.ActiveCfg = Debug|Any CPU
		{898F46FD-82F6-4CD4-8FC9-9BE4EC349E79}.Debug|Any CPU.Build.0 = Debug|Any CPU
		{898F46FD-82F6-4CD4-8FC9-9BE4EC349E79}.Release|Any CPU.ActiveCfg = Release|Any CPU
		{898F46FD-82F6-4CD4-8FC9-9BE4EC349E79}.Release|Any CPU.Build.0 = Release|Any CPU
		{0D0C2E27-5739-4E84-A116-803D5CB9F4F8}.Debug|Any CPU.ActiveCfg = Debug|Any CPU
		{0D0C2E27-5739-4E84-A116-803D5CB9F4F8}.Debug|Any CPU.Build.0 = Debug|Any CPU
		{0D0C2E27-5739-4E84-A116-803D5CB9F4F8}.Release|Any CPU.ActiveCfg = Release|Any CPU
		{0D0C2E27-5739-4E84-A116-803D5CB9F4F8}.Release|Any CPU.Build.0 = Release|Any CPU
		{70622A07-DEFD-4EC9-8B55-DC088DB06C4A}.Debug|Any CPU.ActiveCfg = Debug|Any CPU
		{70622A07-DEFD-4EC9-8B55-DC088DB06C4A}.Debug|Any CPU.Build.0 = Debug|Any CPU
		{70622A07-DEFD-4EC9-8B55-DC088DB06C4A}.Release|Any CPU.ActiveCfg = Release|Any CPU
		{70622A07-DEFD-4EC9-8B55-DC088DB06C4A}.Release|Any CPU.Build.0 = Release|Any CPU
		{47812089-E500-4E96-909C-692CEDFC385C}.Debug|Any CPU.ActiveCfg = Debug|Any CPU
		{47812089-E500-4E96-909C-692CEDFC385C}.Debug|Any CPU.Build.0 = Debug|Any CPU
		{47812089-E500-4E96-909C-692CEDFC385C}.Release|Any CPU.ActiveCfg = Release|Any CPU
		{47812089-E500-4E96-909C-692CEDFC385C}.Release|Any CPU.Build.0 = Release|Any CPU
	EndGlobalSection
	GlobalSection(SolutionProperties) = preSolution
		HideSolutionNode = FALSE
	EndGlobalSection
	GlobalSection(ExtensibilityGlobals) = postSolution
		SolutionGuid = {87B5ECD3-6941-491F-B251-53204E703B6B}
	EndGlobalSection
EndGlobal
